
Microsoft Visual Studio Solution File, Format Version 12.00
# Visual Studio Version 16
VisualStudioVersion = 16.0.33130.400
MinimumVisualStudioVersion = 10.0.40219.1
Project("{FAE04EC0-301F-11D3-BF4B-00C04F79EFBC}") = "OkulYonetim2", "OkulYonetim2\OkulYonetim2.csproj", "{3677392A-A4FD-4D28-AA48-F3EE9802797D}"
EndProject
Global
	GlobalSection(SolutionConfigurationPlatforms) = preSolution
		Debug|Any CPU = Debug|Any CPU
		Release|Any CPU = Release|Any CPU
	EndGlobalSection
	GlobalSection(ProjectConfigurationPlatforms) = postSolution
		{3677392A-A4FD-4D28-AA48-F3EE9802797D}.Debug|Any CPU.ActiveCfg = Debug|Any CPU
		{3677392A-A4FD-4D28-AA48-F3EE9802797D}.Debug|Any CPU.Build.0 = Debug|Any CPU
		{3677392A-A4FD-4D28-AA48-F3EE9802797D}.Release|Any CPU.ActiveCfg = Release|Any CPU
		{3677392A-A4FD-4D28-AA48-F3EE9802797D}.Release|Any CPU.Build.0 = Release|Any CPU
	EndGlobalSection
	GlobalSection(SolutionProperties) = preSolution
		HideSolutionNode = FALSE
	EndGlobalSection
	GlobalSection(ExtensibilityGlobals) = postSolution
		SolutionGuid = {4D8C45D0-B94F-466E-8E5F-EF8DC33CB5C8}
	EndGlobalSection
EndGlobal
